{
  "name": "asp.net",
  "version": "1.0.0",
  "lockfileVersion": 3,
  "requires": true,
  "packages": {
    "": {
      "name": "asp.net",
      "version": "1.0.0",
      "devDependencies": {
        "codeeffects": "^6.2.11"
      }
    },
    "node_modules/codeeffects": {
      "version": "6.4.121",
      "resolved": "https://registry.npmjs.org/codeeffects/-/codeeffects-6.4.121.tgz",
      "integrity": "sha512-FI0AzncM2irbCKdYr93GQzHCl5tu5hkeT8kAK9E2M+K5NzCssZopyzFM3NhDSGVJqArbeANEB5aC0ko7zAjpkQ==",
      "dev": true
    }
  }
}
